
Microsoft Visual Studio Solution File, Format Version 12.00
# Visual Studio Version 17
VisualStudioVersion = 17.5.33414.496
MinimumVisualStudioVersion = 10.0.40219.1
Project("{FAE04EC0-301F-11D3-BF4B-00C04F79EFBC}") = "AzureStorage", "AzureStorage\AzureStorage.csproj", "{FB0FB84A-83D0-4F1F-8E3A-C43A14730C34}"
EndProject
Global
	GlobalSection(SolutionConfigurationPlatforms) = preSolution
		Debug|Any CPU = Debug|Any CPU
		Release|Any CPU = Release|Any CPU
	EndGlobalSection
	GlobalSection(ProjectConfigurationPlatforms) = postSolution
		{FB0FB84A-83D0-4F1F-8E3A-C43A14730C34}.Debug|Any CPU.ActiveCfg = Debug|Any CPU
		{FB0FB84A-83D0-4F1F-8E3A-C43A14730C34}.Debug|Any CPU.Build.0 = Debug|Any CPU
		{FB0FB84A-83D0-4F1F-8E3A-C43A14730C34}.Release|Any CPU.ActiveCfg = Release|Any CPU
		{FB0FB84A-83D0-4F1F-8E3A-C43A14730C34}.Release|Any CPU.Build.0 = Release|Any CPU
	EndGlobalSection
	GlobalSection(SolutionProperties) = preSolution
		HideSolutionNode = FALSE
	EndGlobalSection
	GlobalSection(ExtensibilityGlobals) = postSolution
		SolutionGuid = {A8194C4C-7B38-4538-9AC2-8F71CDE5ADCD}
	EndGlobalSection
EndGlobal
